// !$*UTF8*$!
{
	archiveVersion = 1;
	classes = {
	};
	objectVersion = 46;
	objects = {

/* Begin PBXBuildFile section */
		31BFEDD41E8F580200983D68 /* AppDelegate.swift in Sources */ = {isa = PBXBuildFile; fileRef = 31BFEDD31E8F580200983D68 /* AppDelegate.swift */; };
		31BFEDD91E8F580200983D68 /* Main.storyboard in Resources */ = {isa = PBXBuildFile; fileRef = 31BFEDD71E8F580200983D68 /* Main.storyboard */; };
		31BFEDDB1E8F580200983D68 /* Assets.xcassets in Resources */ = {isa = PBXBuildFile; fileRef = 31BFEDDA1E8F580200983D68 /* Assets.xcassets */; };
		31BFEDDE1E8F580200983D68 /* LaunchScreen.storyboard in Resources */ = {isa = PBXBuildFile; fileRef = 31BFEDDC1E8F580200983D68 /* LaunchScreen.storyboard */; };
		31BFEDE61E8F588900983D68 /* MoviesViewController.swift in Sources */ = {isa = PBXBuildFile; fileRef = 31BFEDE51E8F588900983D68 /* MoviesViewController.swift */; };
		31BFEDEA1E8F67C400983D68 /* MovieCell.swift in Sources */ = {isa = PBXBuildFile; fileRef = 31BFEDE91E8F67C400983D68 /* MovieCell.swift */; };
		6639EEA1D3273D89B49F1ED0 /* Pods_MovieViewer.framework in Frameworks */ = {isa = PBXBuildFile; fileRef = F507A96C03AA0383D3CC3D69 /* Pods_MovieViewer.framework */; };
/* End PBXBuildFile section */

/* Begin PBXFileReference section */
		31BFEDD01E8F580200983D68 /* MovieViewer.app */ = {isa = PBXFileReference; explicitFileType = wrapper.application; includeInIndex = 0; path = MovieViewer.app; sourceTree = BUILT_PRODUCTS_DIR; };
		31BFEDD31E8F580200983D68 /* AppDelegate.swift */ = {isa = PBXFileReference; lastKnownFileType = sourcecode.swift; path = AppDelegate.swift; sourceTree = "<group>"; };
		31BFEDD81E8F580200983D68 /* Base */ = {isa = PBXFileReference; lastKnownFileType = file.storyboard; name = Base; path = Base.lproj/Main.storyboard; sourceTree = "<group>"; };
		31BFEDDA1E8F580200983D68 /* Assets.xcassets */ = {isa = PBXFileReference; lastKnownFileType = folder.assetcatalog; path = Assets.xcassets; sourceTree = "<group>"; };
		31BFEDDD1E8F580200983D68 /* Base */ = {isa = PBXFileReference; lastKnownFileType = file.storyboard; name = Base; path = Base.lproj/LaunchScreen.storyboard; sourceTree = "<group>"; };
		31BFEDDF1E8F580200983D68 /* Info.plist */ = {isa = PBXFileReference; lastKnownFileType = text.plist.xml; path = Info.plist; sourceTree = "<group>"; };
		31BFEDE51E8F588900983D68 /* MoviesViewController.swift */ = {isa = PBXFileReference; fileEncoding = 4; lastKnownFileType = sourcecode.swift; path = MoviesViewController.swift; sourceTree = "<group>"; };
		31BFEDE91E8F67C400983D68 /* MovieCell.swift */ = {isa = PBXFileReference; fileEncoding = 4; lastKnownFileType = sourcecode.swift; path = MovieCell.swift; sourceTree = "<group>"; };
		A51F37C4893A63D3B5F2D0A8 /* Pods-MovieViewer.debug.xcconfig */ = {isa = PBXFileReference; includeInIndex = 1; lastKnownFileType = text.xcconfig; name = "Pods-MovieViewer.debug.xcconfig"; path = "Pods/Target Support Files/Pods-MovieViewer/Pods-MovieViewer.debug.xcconfig"; sourceTree = "<group>"; };
		B5945DC6CB16DB0AB24EF9C6 /* Pods-MovieViewer.release.xcconfig */ = {isa = PBXFileReference; includeInIndex = 1; lastKnownFileType = text.xcconfig; name = "Pods-MovieViewer.release.xcconfig"; path = "Pods/Target Support Files/Pods-MovieViewer/Pods-MovieViewer.release.xcconfig"; sourceTree = "<group>"; };
		F507A96C03AA0383D3CC3D69 /* Pods_MovieViewer.framework */ = {isa = PBXFileReference; explicitFileType = wrapper.framework; includeInIndex = 0; path = Pods_MovieViewer.framework; sourceTree = BUILT_PRODUCTS_DIR; };
/* End PBXFileReference section */

/* Begin PBXFrameworksBuildPhase section */
		31BFEDCD1E8F580200983D68 /* Frameworks */ = {
			isa = PBXFrameworksBuildPhase;
			buildActionMask = 2147483647;
			files = (
				6639EEA1D3273D89B49F1ED0 /* Pods_MovieViewer.framework in Frameworks */,
			);
			runOnlyForDeploymentPostprocessing = 0;
		};
/* End PBXFrameworksBuildPhase section */

/* Begin PBXGroup section */
		0F76BD6186E09433CA3114C3 /* Frameworks */ = {
			isa = PBXGroup;
			children = (
				F507A96C03AA0383D3CC3D69 /* Pods_MovieViewer.framework */,
			);
			name = Frameworks;
			sourceTree = "<group>";
		};
		31BFEDC71E8F580200983D68 = {
			isa = PBXGroup;
			children = (
				31BFEDD21E8F580200983D68 /* MovieViewer */,
				31BFEDD11E8F580200983D68 /* Products */,
				3742659C48AC66606CA87F25 /* Pods */,
				0F76BD6186E09433CA3114C3 /* Frameworks */,
			);
			sourceTree = "<group>";
		};
		31BFEDD11E8F580200983D68 /* Products */ = {
			isa = PBXGroup;
			children = (
				31BFEDD01E8F580200983D68 /* MovieViewer.app */,
			);
			name = Products;
			sourceTree = "<group>";
		};
		31BFEDD21E8F580200983D68 /* MovieViewer */ = {
			isa = PBXGroup;
			children = (
				31BFEDE81E8F679400983D68 /* Views */,
				31BFEDE71E8F677000983D68 /* ViewControllers */,
				31BFEDD31E8F580200983D68 /* AppDelegate.swift */,
				31BFEDD71E8F580200983D68 /* Main.storyboard */,
				31BFEDDA1E8F580200983D68 /* Assets.xcassets */,
				31BFEDDC1E8F580200983D68 /* LaunchScreen.storyboard */,
				31BFEDDF1E8F580200983D68 /* Info.plist */,
			);
			path = MovieViewer;
			sourceTree = "<group>";
		};
		31BFEDE71E8F677000983D68 /* ViewControllers */ = {
			isa = PBXGroup;
			children = (
				31BFEDE51E8F588900983D68 /* MoviesViewController.swift */,
			);
			name = ViewControllers;
			sourceTree = "<group>";
		};
		31BFEDE81E8F679400983D68 /* Views */ = {
			isa = PBXGroup;
			children = (
				31BFEDE91E8F67C400983D68 /* MovieCell.swift */,
			);
			name = Views;
			sourceTree = "<group>";
		};
		3742659C48AC66606CA87F25 /* Pods */ = {
			isa = PBXGroup;
			children = (
				A51F37C4893A63D3B5F2D0A8 /* Pods-MovieViewer.debug.xcconfig */,
				B5945DC6CB16DB0AB24EF9C6 /* Pods-MovieViewer.release.xcconfig */,
			);
			name = Pods;
			sourceTree = "<group>";
		};
/* End PBXGroup section */

/* Begin PBXNativeTarget section */
		31BFEDCF1E8F580200983D68 /* MovieViewer */ = {
			isa = PBXNativeTarget;
			buildConfigurationList = 31BFEDE21E8F580200983D68 /* Build configuration list for PBXNativeTarget "MovieViewer" */;
			buildPhases = (
				70BCFDF4C96BD12C049E6403 /* [CP] Check Pods Manifest.lock */,
				31BFEDCC1E8F580200983D68 /* Sources */,
				31BFEDCD1E8F580200983D68 /* Frameworks */,
				31BFEDCE1E8F580200983D68 /* Resources */,
				173CED53FF333B205177EF08 /* [CP] Embed Pods Frameworks */,
				4D00FA8A613DAF5EA48B950C /* [CP] Copy Pods Resources */,
			);
			buildRules = (
			);
			dependencies = (
			);
			name = MovieViewer;
			productName = MovieViewer;
			productReference = 31BFEDD01E8F580200983D68 /* MovieViewer.app */;
			productType = "com.apple.product-type.application";
		};
/* End PBXNativeTarget section */

/* Begin PBXProject section */
		31BFEDC81E8F580200983D68 /* Project object */ = {
			isa = PBXProject;
			attributes = {
				LastSwiftUpdateCheck = 0830;
				LastUpgradeCheck = 0830;
				ORGANIZATIONNAME = "Davis Wamola";
				TargetAttributes = {
					31BFEDCF1E8F580200983D68 = {
						CreatedOnToolsVersion = 8.3;
						ProvisioningStyle = Automatic;
					};
				};
			};
			buildConfigurationList = 31BFEDCB1E8F580200983D68 /* Build configuration list for PBXProject "MovieViewer" */;
			compatibilityVersion = "Xcode 3.2";
			developmentRegion = English;
			hasScannedForEncodings = 0;
			knownRegions = (
				en,
				Base,
			);
			mainGroup = 31BFEDC71E8F580200983D68;
			productRefGroup = 31BFEDD11E8F580200983D68 /* Products */;
			projectDirPath = "";
			projectRoot = "";
			targets = (
				31BFEDCF1E8F580200983D68 /* MovieViewer */,
			);
		};
/* End PBXProject section */

/* Begin PBXResourcesBuildPhase section */
		31BFEDCE1E8F580200983D68 /* Resources */ = {
			isa = PBXResourcesBuildPhase;
			buildActionMask = 2147483647;
			files = (
				31BFEDDE1E8F580200983D68 /* LaunchScreen.storyboard in Resources */,
				31BFEDDB1E8F580200983D68 /* Assets.xcassets in Resources */,
				31BFEDD91E8F580200983D68 /* Main.storyboard in Resources */,
			);
			runOnlyForDeploymentPostprocessing = 0;
		};
/* End PBXResourcesBuildPhase section */

/* Begin PBXShellScriptBuildPhase section */
		173CED53FF333B205177EF08 /* [CP] Embed Pods Frameworks */ = {
			isa = PBXShellScriptBuildPhase;
			buildActionMask = 2147483647;
			files = (
			);
			inputPaths = (
			);
			name = "[CP] Embed Pods Frameworks";
			outputPaths = (
			);
			runOnlyForDeploymentPostprocessing = 0;
			shellPath = /bin/sh;
			shellScript = "\"${SRCROOT}/Pods/Target Support Files/Pods-MovieViewer/Pods-MovieViewer-frameworks.sh\"\n";
			showEnvVarsInLog = 0;
		};
		4D00FA8A613DAF5EA48B950C /* [CP] Copy Pods Resources */ = {
			isa = PBXShellScriptBuildPhase;
			buildActionMask = 2147483647;
			files = (
			);
			inputPaths = (
			);
			name = "[CP] Copy Pods Resources";
			outputPaths = (
			);
			runOnlyForDeploymentPostprocessing = 0;
			shellPath = /bin/sh;
			shellScript = "\"${SRCROOT}/Pods/Target Support Files/Pods-MovieViewer/Pods-MovieViewer-resources.sh\"\n";
			showEnvVarsInLog = 0;
		};
		70BCFDF4C96BD12C049E6403 /* [CP] Check Pods Manifest.lock */ = {
			isa = PBXShellScriptBuildPhase;
			buildActionMask = 2147483647;
			files = (
			);
			inputPaths = (
			);
			name = "[CP] Check Pods Manifest.lock";
			outputPaths = (
			);
			runOnlyForDeploymentPostprocessing = 0;
			shellPath = /bin/sh;
			shellScript = "diff \"${PODS_ROOT}/../Podfile.lock\" \"${PODS_ROOT}/Manifest.lock\" > /dev/null\nif [ $? != 0 ] ; then\n    # print error to STDERR\n    echo \"error: The sandbox is not in sync with the Podfile.lock. Run 'pod install' or update your CocoaPods installation.\" >&2\n    exit 1\nfi\n";
			showEnvVarsInLog = 0;
		};
/* End PBXShellScriptBuildPhase section */

/* Begin PBXSourcesBuildPhase section */
		31BFEDCC1E8F580200983D68 /* Sources */ = {
			isa = PBXSourcesBuildPhase;
			buildActionMask = 2147483647;
			files = (
				31BFEDD41E8F580200983D68 /* AppDelegate.swift in Sources */,
				31BFEDE61E8F588900983D68 /* MoviesViewController.swift in Sources */,
				31BFEDEA1E8F67C400983D68 /* MovieCell.swift in Sources */,
			);
			runOnlyForDeploymentPostprocessing = 0;
		};
/* End PBXSourcesBuildPhase section */

/* Begin PBXVariantGroup section */
		31BFEDD71E8F580200983D68 /* Main.storyboard */ = {
			isa = PBXVariantGroup;
			children = (
				31BFEDD81E8F580200983D68 /* Base */,
			);
			name = Main.storyboard;
			sourceTree = "<group>";
		};
		31BFEDDC1E8F580200983D68 /* LaunchScreen.storyboard */ = {
			isa = PBXVariantGroup;
			children = (
				31BFEDDD1E8F580200983D68 /* Base */,
			);
			name = LaunchScreen.storyboard;
			sourceTree = "<group>";
		};
/* End PBXVariantGroup section */

/* Begin XCBuildConfiguration section */
		31BFEDE01E8F580200983D68 /* Debug */ = {
			isa = XCBuildConfiguration;
			buildSettings = {
				ALWAYS_SEARCH_USER_PATHS = NO;
				CLANG_ANALYZER_NONNULL = YES;
				CLANG_ANALYZER_NUMBER_OBJECT_CONVERSION = YES_AGGRESSIVE;
				CLANG_CXX_LANGUAGE_STANDARD = "gnu++0x";
				CLANG_CXX_LIBRARY = "libc++";
				CLANG_ENABLE_MODULES = YES;
				CLANG_ENABLE_OBJC_ARC = YES;
				CLANG_WARN_BOOL_CONVERSION = YES;
				CLANG_WARN_CONSTANT_CONVERSION = YES;
				CLANG_WARN_DIRECT_OBJC_ISA_USAGE = YES_ERROR;
				CLANG_WARN_DOCUMENTATION_COMMENTS = YES;
				CLANG_WARN_EMPTY_BODY = YES;
				CLANG_WARN_ENUM_CONVERSION = YES;
				CLANG_WARN_INFINITE_RECURSION = YES;
				CLANG_WARN_INT_CONVERSION = YES;
				CLANG_WARN_OBJC_ROOT_CLASS = YES_ERROR;
				CLANG_WARN_SUSPICIOUS_MOVE = YES;
				CLANG_WARN_UNREACHABLE_CODE = YES;
				CLANG_WARN__DUPLICATE_METHOD_MATCH = YES;
				"CODE_SIGN_IDENTITY[sdk=iphoneos*]" = "iPhone Developer";
				COPY_PHASE_STRIP = NO;
				DEBUG_INFORMATION_FORMAT = dwarf;
				ENABLE_STRICT_OBJC_MSGSEND = YES;
				ENABLE_TESTABILITY = YES;
				GCC_C_LANGUAGE_STANDARD = gnu99;
				GCC_DYNAMIC_NO_PIC = NO;
				GCC_NO_COMMON_BLOCKS = YES;
				GCC_OPTIMIZATION_LEVEL = 0;
				GCC_PREPROCESSOR_DEFINITIONS = (
					"DEBUG=1",
					"$(inherited)",
				);
				GCC_WARN_64_TO_32_BIT_CONVERSION = YES;
				GCC_WARN_ABOUT_RETURN_TYPE = YES_ERROR;
				GCC_WARN_UNDECLARED_SELECTOR = YES;
				GCC_WARN_UNINITIALIZED_AUTOS = YES_AGGRESSIVE;
				GCC_WARN_UNUSED_FUNCTION = YES;
				GCC_WARN_UNUSED_VARIABLE = YES;
				IPHONEOS_DEPLOYMENT_TARGET = 10.3;
				MTL_ENABLE_DEBUG_INFO = YES;
				ONLY_ACTIVE_ARCH = YES;
				SDKROOT = iphoneos;
				SWIFT_ACTIVE_COMPILATION_CONDITIONS = DEBUG;
				SWIFT_OPTIMIZATION_LEVEL = "-Onone";
			};
			name = Debug;
		};
		31BFEDE11E8F580200983D68 /* Release */ = {
			isa = XCBuildConfiguration;
			buildSettings = {
				ALWAYS_SEARCH_USER_PATHS = NO;
				CLANG_ANALYZER_NONNULL = YES;
				CLANG_ANALYZER_NUMBER_OBJECT_CONVERSION = YES_AGGRESSIVE;
				CLANG_CXX_LANGUAGE_STANDARD = "gnu++0x";
				CLANG_CXX_LIBRARY = "libc++";
				CLANG_ENABLE_MODULES = YES;
				CLANG_ENABLE_OBJC_ARC = YES;
				CLANG_WARN_BOOL_CONVERSION = YES;
				CLANG_WARN_CONSTANT_CONVERSION = YES;
				CLANG_WARN_DIRECT_OBJC_ISA_USAGE = YES_ERROR;
				CLANG_WARN_DOCUMENTATION_COMMENTS = YES;
				CLANG_WARN_EMPTY_BODY = YES;
				CLANG_WARN_ENUM_CONVERSION = YES;
				CLANG_WARN_INFINITE_RECURSION = YES;
				CLANG_WARN_INT_CONVERSION = YES;
				CLANG_WARN_OBJC_ROOT_CLASS = YES_ERROR;
				CLANG_WARN_SUSPICIOUS_MOVE = YES;
				CLANG_WARN_UNREACHABLE_CODE = YES;
				CLANG_WARN__DUPLICATE_METHOD_MATCH = YES;
				"CODE_SIGN_IDENTITY[sdk=iphoneos*]" = "iPhone Developer";
				COPY_PHASE_STRIP = NO;
				DEBUG_INFORMATION_FORMAT = "dwarf-with-dsym";
				ENABLE_NS_ASSERTIONS = NO;
				ENABLE_STRICT_OBJC_MSGSEND = YES;
				GCC_C_LANGUAGE_STANDARD = gnu99;
				GCC_NO_COMMON_BLOCKS = YES;
				GCC_WARN_64_TO_32_BIT_CONVERSION = YES;
				GCC_WARN_ABOUT_RETURN_TYPE = YES_ERROR;
				GCC_WARN_UNDECLARED_SELECTOR = YES;
				GCC_WARN_UNINITIALIZED_AUTOS = YES_AGGRESSIVE;
				GCC_WARN_UNUSED_FUNCTION = YES;
				GCC_WARN_UNUSED_VARIABLE = YES;
				IPHONEOS_DEPLOYMENT_TARGET = 10.3;
				MTL_ENABLE_DEBUG_INFO = NO;
				SDKROOT = iphoneos;
				SWIFT_OPTIMIZATION_LEVEL = "-Owholemodule";
				VALIDATE_PRODUCT = YES;
			};
			name = Release;
		};
		31BFEDE31E8F580200983D68 /* Debug */ = {
			isa = XCBuildConfiguration;
			baseConfigurationReference = A51F37C4893A63D3B5F2D0A8 /* Pods-MovieViewer.debug.xcconfig */;
			buildSettings = {
				ASSETCATALOG_COMPILER_APPICON_NAME = AppIcon;
				INFOPLIST_FILE = MovieViewer/Info.plist;
				LD_RUNPATH_SEARCH_PATHS = "$(inherited) @executable_path/Frameworks";
				PRODUCT_BUNDLE_IDENTIFIER = com.codepath.MovieViewer;
				PRODUCT_NAME = "$(TARGET_NAME)";
				SWIFT_VERSION = 3.0;
			};
			name = Debug;
		};
		31BFEDE41E8F580200983D68 /* Release */ = {
			isa = XCBuildConfiguration;
			baseConfigurationReference = B5945DC6CB16DB0AB24EF9C6 /* Pods-MovieViewer.release.xcconfig */;
			buildSettings = {
				ASSETCATALOG_COMPILER_APPICON_NAME = AppIcon;
				INFOPLIST_FILE = MovieViewer/Info.plist;
				LD_RUNPATH_SEARCH_PATHS = "$(inherited) @executable_path/Frameworks";
				PRODUCT_BUNDLE_IDENTIFIER = com.codepath.MovieViewer;
				PRODUCT_NAME = "$(TARGET_NAME)";
				SWIFT_VERSION = 3.0;
			};
			name = Release;
		};
/* End XCBuildConfiguration section */

/* Begin XCConfigurationList section */
		31BFEDCB1E8F580200983D68 /* Build configuration list for PBXProject "MovieViewer" */ = {
			isa = XCConfigurationList;
			buildConfigurations = (
				31BFEDE01E8F580200983D68 /* Debug */,
				31BFEDE11E8F580200983D68 /* Release */,
			);
			defaultConfigurationIsVisible = 0;
			defaultConfigurationName = Release;
		};
		31BFEDE21E8F580200983D68 /* Build configuration list for PBXNativeTarget "MovieViewer" */ = {
			isa = XCConfigurationList;
			buildConfigurations = (
				31BFEDE31E8F580200983D68 /* Debug */,
				31BFEDE41E8F580200983D68 /* Release */,
			);
			defaultConfigurationIsVisible = 0;
			defaultConfigurationName = Release;
		};
/* End XCConfigurationList section */
	};
	rootObject = 31BFEDC81E8F580200983D68 /* Project object */;
}
